
Microsoft Visual Studio Solution File, Format Version 12.00
# Visual Studio 15
VisualStudioVersion = 15.0.28307.136
MinimumVisualStudioVersion = 10.0.40219.1
Project("{FAE04EC0-301F-11D3-BF4B-00C04F79EFBC}") = "Pull", "Pull\Pull.csproj", "{7B64B8B1-7015-49FC-B424-FF5701A98F33}"
EndProject
Global
	GlobalSection(SolutionConfigurationPlatforms) = preSolution
		Debug|Any CPU = Debug|Any CPU
		Release|Any CPU = Release|Any CPU
	EndGlobalSection
	GlobalSection(ProjectConfigurationPlatforms) = postSolution
		{7B64B8B1-7015-49FC-B424-FF5701A98F33}.Debug|Any CPU.ActiveCfg = Debug|Any CPU
		{7B64B8B1-7015-49FC-B424-FF5701A98F33}.Debug|Any CPU.Build.0 = Debug|Any CPU
		{7B64B8B1-7015-49FC-B424-FF5701A98F33}.Release|Any CPU.ActiveCfg = Release|Any CPU
		{7B64B8B1-7015-49FC-B424-FF5701A98F33}.Release|Any CPU.Build.0 = Release|Any CPU
	EndGlobalSection
	GlobalSection(SolutionProperties) = preSolution
		HideSolutionNode = FALSE
	EndGlobalSection
	GlobalSection(ExtensibilityGlobals) = postSolution
		SolutionGuid = {0F78DC28-FEC5-4E18-86E4-91E1DA28824E}
	EndGlobalSection
EndGlobal
